
Microsoft Visual Studio Solution File, Format Version 12.00
# Visual Studio 15
Project("{FAE04EC0-301F-11D3-BF4B-00C04F79EFBC}") = "VRShooter", "VRShooter.csproj", "{36468C6E-3FC1-5A4A-586E-21BEDDA206EE}"
EndProject
Project("{FAE04EC0-301F-11D3-BF4B-00C04F79EFBC}") = "VRShooter.Editor", "VRShooter.Editor.csproj", "{01E2297B-F3C0-9C7B-BEFD-8FC07ACFCB6F}"
EndProject
Global
	GlobalSection(SolutionConfigurationPlatforms) = preSolution
		Debug|Any CPU = Debug|Any CPU
		Release|Any CPU = Release|Any CPU
	EndGlobalSection
	GlobalSection(ProjectConfigurationPlatforms) = postSolution
		{36468C6E-3FC1-5A4A-586E-21BEDDA206EE}.Debug|Any CPU.ActiveCfg = Debug|Any CPU
		{36468C6E-3FC1-5A4A-586E-21BEDDA206EE}.Debug|Any CPU.Build.0 = Debug|Any CPU
		{36468C6E-3FC1-5A4A-586E-21BEDDA206EE}.Release|Any CPU.ActiveCfg = Release|Any CPU
		{36468C6E-3FC1-5A4A-586E-21BEDDA206EE}.Release|Any CPU.Build.0 = Release|Any CPU
		{01E2297B-F3C0-9C7B-BEFD-8FC07ACFCB6F}.Debug|Any CPU.ActiveCfg = Debug|Any CPU
		{01E2297B-F3C0-9C7B-BEFD-8FC07ACFCB6F}.Debug|Any CPU.Build.0 = Debug|Any CPU
		{01E2297B-F3C0-9C7B-BEFD-8FC07ACFCB6F}.Release|Any CPU.ActiveCfg = Release|Any CPU
		{01E2297B-F3C0-9C7B-BEFD-8FC07ACFCB6F}.Release|Any CPU.Build.0 = Release|Any CPU
	EndGlobalSection
	GlobalSection(SolutionProperties) = preSolution
		HideSolutionNode = FALSE
	EndGlobalSection
EndGlobal
